
Microsoft Visual Studio Solution File, Format Version 12.00
Project("{FAE04EC0-301F-11D3-BF4B-00C04F79EFBC}") = "DeerJson", "DeerJson\DeerJson.csproj", "{57BE4DEC-F074-42ED-96E4-7EA4D8536B5C}"
EndProject
Project("{FAE04EC0-301F-11D3-BF4B-00C04F79EFBC}") = "DeerJson.Tests", "DeerJson.Tests\DeerJson.Tests.csproj", "{0827F69E-8CF3-4B28-B7E6-C4925D25E737}"
EndProject
Global
	GlobalSection(SolutionConfigurationPlatforms) = preSolution
		Debug|Any CPU = Debug|Any CPU
		Release|Any CPU = Release|Any CPU
	EndGlobalSection
	GlobalSection(ProjectConfigurationPlatforms) = postSolution
		{57BE4DEC-F074-42ED-96E4-7EA4D8536B5C}.Debug|Any CPU.ActiveCfg = Debug|Any CPU
		{57BE4DEC-F074-42ED-96E4-7EA4D8536B5C}.Debug|Any CPU.Build.0 = Debug|Any CPU
		{57BE4DEC-F074-42ED-96E4-7EA4D8536B5C}.Release|Any CPU.ActiveCfg = Release|Any CPU
		{57BE4DEC-F074-42ED-96E4-7EA4D8536B5C}.Release|Any CPU.Build.0 = Release|Any CPU
		{0827F69E-8CF3-4B28-B7E6-C4925D25E737}.Debug|Any CPU.ActiveCfg = Debug|Any CPU
		{0827F69E-8CF3-4B28-B7E6-C4925D25E737}.Debug|Any CPU.Build.0 = Debug|Any CPU
		{0827F69E-8CF3-4B28-B7E6-C4925D25E737}.Release|Any CPU.ActiveCfg = Release|Any CPU
		{0827F69E-8CF3-4B28-B7E6-C4925D25E737}.Release|Any CPU.Build.0 = Release|Any CPU
	EndGlobalSection
EndGlobal
